
Microsoft Visual Studio Solution File, Format Version 12.00
# Visual Studio Version 17
VisualStudioVersion = 17.14.36603.0 d17.14
MinimumVisualStudioVersion = 10.0.40219.1
Project("{FAE04EC0-301F-11D3-BF4B-00C04F79EFBC}") = "BAT-Man", "BAT-Man.csproj", "{BA7C6A9C-8A56-4C3B-A527-CDC9C672D549}"
EndProject
Global
	GlobalSection(SolutionConfigurationPlatforms) = preSolution
		Debug|Any CPU = Debug|Any CPU
		Release|Any CPU = Release|Any CPU
	EndGlobalSection
	GlobalSection(ProjectConfigurationPlatforms) = postSolution
		{BA7C6A9C-8A56-4C3B-A527-CDC9C672D549}.Debug|Any CPU.ActiveCfg = Debug|Any CPU
		{BA7C6A9C-8A56-4C3B-A527-CDC9C672D549}.Debug|Any CPU.Build.0 = Debug|Any CPU
		{BA7C6A9C-8A56-4C3B-A527-CDC9C672D549}.Release|Any CPU.ActiveCfg = Release|Any CPU
		{BA7C6A9C-8A56-4C3B-A527-CDC9C672D549}.Release|Any CPU.Build.0 = Release|Any CPU
	EndGlobalSection
	GlobalSection(SolutionProperties) = preSolution
		HideSolutionNode = FALSE
	EndGlobalSection
	GlobalSection(ExtensibilityGlobals) = postSolution
		SolutionGuid = {F820749E-1697-496C-9635-0B89E9D4DED6}
	EndGlobalSection
EndGlobal
